
Microsoft Visual Studio Solution File, Format Version 12.00
# Visual Studio Version 17
VisualStudioVersion = 17.4.33205.214
MinimumVisualStudioVersion = 10.0.40219.1
Project("{FAE04EC0-301F-11D3-BF4B-00C04F79EFBC}") = "DatabaseBackupper", "DatabaseBackupper\DatabaseBackupper.csproj", "{2FCFA89C-FD9F-4B6C-BD7E-7493486F04E5}"
EndProject
Global
	GlobalSection(SolutionConfigurationPlatforms) = preSolution
		Debug|Any CPU = Debug|Any CPU
		Release|Any CPU = Release|Any CPU
	EndGlobalSection
	GlobalSection(ProjectConfigurationPlatforms) = postSolution
		{2FCFA89C-FD9F-4B6C-BD7E-7493486F04E5}.Debug|Any CPU.ActiveCfg = Debug|Any CPU
		{2FCFA89C-FD9F-4B6C-BD7E-7493486F04E5}.Debug|Any CPU.Build.0 = Debug|Any CPU
		{2FCFA89C-FD9F-4B6C-BD7E-7493486F04E5}.Release|Any CPU.ActiveCfg = Release|Any CPU
		{2FCFA89C-FD9F-4B6C-BD7E-7493486F04E5}.Release|Any CPU.Build.0 = Release|Any CPU
	EndGlobalSection
	GlobalSection(SolutionProperties) = preSolution
		HideSolutionNode = FALSE
	EndGlobalSection
	GlobalSection(ExtensibilityGlobals) = postSolution
		SolutionGuid = {21728E31-B5D9-470C-8119-8E46953F632B}
	EndGlobalSection
EndGlobal
